
Microsoft Visual Studio Solution File, Format Version 12.00
# Visual Studio 2013
VisualStudioVersion = 12.0.21005.1
MinimumVisualStudioVersion = 10.0.40219.1
Project("{8BC9CEB8-8B4A-11D0-8D11-00A0C91BC942}") = "5.28", "5.28\5.28.vcxproj", "{EF9FE67D-8C6C-4BFD-B79F-D5871BC781B5}"
EndProject
Global
	GlobalSection(SolutionConfigurationPlatforms) = preSolution
		Debug|Win32 = Debug|Win32
		Release|Win32 = Release|Win32
	EndGlobalSection
	GlobalSection(ProjectConfigurationPlatforms) = postSolution
		{EF9FE67D-8C6C-4BFD-B79F-D5871BC781B5}.Debug|Win32.ActiveCfg = Debug|Win32
		{EF9FE67D-8C6C-4BFD-B79F-D5871BC781B5}.Debug|Win32.Build.0 = Debug|Win32
		{EF9FE67D-8C6C-4BFD-B79F-D5871BC781B5}.Release|Win32.ActiveCfg = Release|Win32
		{EF9FE67D-8C6C-4BFD-B79F-D5871BC781B5}.Release|Win32.Build.0 = Release|Win32
	EndGlobalSection
	GlobalSection(SolutionProperties) = preSolution
		HideSolutionNode = FALSE
	EndGlobalSection
EndGlobal
